{
  "name": "prov-geditor",
  "version": "1.0.0",
  "lockfileVersion": 1,
  "requires": true,
  "dependencies": {
    "deepmerge": {
      "version": "2.2.1",
      "resolved": "https://registry.npmjs.org/deepmerge/-/deepmerge-2.2.1.tgz",
      "integrity": "sha512-R9hc1Xa/NOBi9WRVUWg19rl1UB7Tt4kuPd+thNJgFZoxXsTz7ncaPaeIm+40oSGuP33DfMb4sZt1QIGiJzC4EA=="
    },
    "shvl": {
      "version": "1.3.1",
      "resolved": "https://registry.npmjs.org/shvl/-/shvl-1.3.1.tgz",
      "integrity": "sha512-+rRPP46hloYUAEImJcqprUgXu+05Ikqr4h4V+w5i2zJy37nAqtkQKufs3+3S2fDq6JNRrHMIQhB/Vaex+jgAAw=="
    },
    "vue": {
      "version": "2.6.8",
      "resolved": "https://registry.npmjs.org/vue/-/vue-2.6.8.tgz",
      "integrity": "sha512-+vp9lEC2Kt3yom673pzg1J7T1NVGuGzO9j8Wxno+rQN2WYVBX2pyo/RGQ3fXCLh2Pk76Skw/laAPCuBuEQ4diw=="
    },
    "vuex": {
      "version": "3.1.0",
      "resolved": "https://registry.npmjs.org/vuex/-/vuex-3.1.0.tgz",
      "integrity": "sha512-mdHeHT/7u4BncpUZMlxNaIdcN/HIt1GsGG5LKByArvYG/v6DvHcOxvDCts+7SRdCoIRGllK8IMZvQtQXLppDYg=="
    },
    "vuex-persistedstate": {
      "version": "2.5.4",
      "resolved": "https://registry.npmjs.org/vuex-persistedstate/-/vuex-persistedstate-2.5.4.tgz",
      "integrity": "sha512-XYJhKIwO+ZVlTaXyxKxnplrJ88Fnvk5aDw753bxzRw5/yMKLQ6lq9CDCBex2fwZaQcLibhtgJOxGCHjy9GLSlQ==",
      "requires": {
        "deepmerge": "^2.1.0",
        "shvl": "^1.3.0"
      }
    }
  }
}
